
Microsoft Visual Studio Solution File, Format Version 12.00
# Visual Studio Version 17
VisualStudioVersion = 17.2.32616.157
MinimumVisualStudioVersion = 10.0.40219.1
Project("{FAE04EC0-301F-11D3-BF4B-00C04F79EFBC}") = "WinFormsApp1", "WinFormsApp1\WinFormsApp1.csproj", "{3AC0B927-E1BB-4F01-85CC-7E570E0E3DC0}"
EndProject
Global
	GlobalSection(SolutionConfigurationPlatforms) = preSolution
		Debug|Any CPU = Debug|Any CPU
		Release|Any CPU = Release|Any CPU
	EndGlobalSection
	GlobalSection(ProjectConfigurationPlatforms) = postSolution
		{3AC0B927-E1BB-4F01-85CC-7E570E0E3DC0}.Debug|Any CPU.ActiveCfg = Debug|Any CPU
		{3AC0B927-E1BB-4F01-85CC-7E570E0E3DC0}.Debug|Any CPU.Build.0 = Debug|Any CPU
		{3AC0B927-E1BB-4F01-85CC-7E570E0E3DC0}.Release|Any CPU.ActiveCfg = Release|Any CPU
		{3AC0B927-E1BB-4F01-85CC-7E570E0E3DC0}.Release|Any CPU.Build.0 = Release|Any CPU
	EndGlobalSection
	GlobalSection(SolutionProperties) = preSolution
		HideSolutionNode = FALSE
	EndGlobalSection
	GlobalSection(ExtensibilityGlobals) = postSolution
		SolutionGuid = {3CFD575D-1F6C-4474-8777-340714E3893F}
	EndGlobalSection
EndGlobal
